{
    "name": "com.coderhub.pushnotificationstest",
    "version": "1.0.0",
    "lockfileVersion": 1,
    "requires": true,
    "dependencies": {
        "cordova-plugin-statusbar": {
            "version": "git+https://github.com/apache/cordova-plugin-statusbar.git#4c1507b525e4631ad04f3adada898845da3e3cbc"
        }
    }
}
