{
    "name": "com.coderhub.pushnotificationstest",
    "version": "1.0.0",
    "lockfileVersion": 1,
    "requires": true,
    "dependencies": {
        "cordova-plugin-console": {
            "version": "1.0.7",
            "resolved": "https://registry.npmjs.org/cordova-plugin-console/-/cordova-plugin-console-1.0.7.tgz",
            "integrity": "sha1-ibepLtHDNYiN/ADZAtxBcgHPOws="
        },
        "cordova-plugin-dialogs": {
            "version": "1.2.1",
            "resolved": "https://registry.npmjs.org/cordova-plugin-dialogs/-/cordova-plugin-dialogs-1.2.1.tgz",
            "integrity": "sha1-dDvIrwB2oQp29VbFE0ClMBY9MVM="
        },
        "cordova-plugin-statusbar": {
            "version": "git+https://github.com/apache/cordova-plugin-statusbar.git#283cbb4fa20f3c68bd933ac78063d2d0448ced27",
            "from": "git+https://github.com/apache/cordova-plugin-statusbar.git#283cbb4fa20f3c68bd933ac78063d2d0448ced27"
        },
        "cordova-plugin-whitelist": {
            "version": "1.2.2",
            "resolved": "https://registry.npmjs.org/cordova-plugin-whitelist/-/cordova-plugin-whitelist-1.2.2.tgz",
            "integrity": "sha1-CFk/yVeIViCdQ3t2yLBHUp8Z9iM="
        },
        "phonegap-plugin-push": {
            "version": "1.8.4",
            "resolved": "https://registry.npmjs.org/phonegap-plugin-push/-/phonegap-plugin-push-1.8.4.tgz",
            "integrity": "sha1-sGH+NaXrwvy+WWgYtladgdpmWqE="
        }
    }
}
