{
    "name": "com.coderhub.pushnotificationstest",
    "version": "1.0.0",
    "lockfileVersion": 1,
    "requires": true,
    "dependencies": {
        "cordova-plugin-console": {
            "version": "1.0.7",
            "resolved": "https://registry.npmjs.org/cordova-plugin-console/-/cordova-plugin-console-1.0.7.tgz",
            "integrity": "sha1-ibepLtHDNYiN/ADZAtxBcgHPOws="
        },
        "cordova-plugin-dialogs": {
            "version": "2.0.2",
            "resolved": "https://registry.npmjs.org/cordova-plugin-dialogs/-/cordova-plugin-dialogs-2.0.2.tgz",
            "integrity": "sha512-FUHI6eEVeoz2VkxbF0P56QlUQLGzXcvw3i4xuXyM9gEct6Y+FA3Xzgl2pJTZcTg5wRqLWzN08kgNoHPkom15pw=="
        },
        "cordova-plugin-statusbar": {
            "version": "git+https://github.com/apache/cordova-plugin-statusbar.git#4c1507b525e4631ad04f3adada898845da3e3cbc",
            "from": "git+https://github.com/apache/cordova-plugin-statusbar.git#4c1507b525e4631ad04f3adada898845da3e3cbc"
        },
        "cordova-plugin-whitelist": {
            "version": "1.2.2",
            "resolved": "https://registry.npmjs.org/cordova-plugin-whitelist/-/cordova-plugin-whitelist-1.2.2.tgz",
            "integrity": "sha1-CFk/yVeIViCdQ3t2yLBHUp8Z9iM="
        },
        "phonegap-plugin-push": {
            "version": "1.8.4",
            "resolved": "https://registry.npmjs.org/phonegap-plugin-push/-/phonegap-plugin-push-1.8.4.tgz",
            "integrity": "sha1-sGH+NaXrwvy+WWgYtladgdpmWqE="
        }
    }
}
